
Microsoft Visual Studio Solution File, Format Version 12.00
# Visual Studio Version 17
VisualStudioVersion = 17.4.33213.308
MinimumVisualStudioVersion = 10.0.40219.1
Project("{9A19103F-16F7-4668-BE54-9A1E7A4F7556}") = "GoogleAuth_API", "GoogleAuth_API\GoogleAuth_API.csproj", "{F9FE7493-2306-4165-9231-CEAE50F0BECB}"
EndProject
Project("{9A19103F-16F7-4668-BE54-9A1E7A4F7556}") = "DataAccessLayer", "BAL\DataAccessLayer.csproj", "{E0C7EA0E-FC7A-450C-9478-F98E3427A3F8}"
EndProject
Project("{9A19103F-16F7-4668-BE54-9A1E7A4F7556}") = "BusinessAccessLayer", "DAL\BusinessAccessLayer.csproj", "{63EE929D-A17D-4AE1-BF5B-72BBC6909A76}"
EndProject
Global
	GlobalSection(SolutionConfigurationPlatforms) = preSolution
		Debug|Any CPU = Debug|Any CPU
		Release|Any CPU = Release|Any CPU
	EndGlobalSection
	GlobalSection(ProjectConfigurationPlatforms) = postSolution
		{F9FE7493-2306-4165-9231-CEAE50F0BECB}.Debug|Any CPU.ActiveCfg = Debug|Any CPU
		{F9FE7493-2306-4165-9231-CEAE50F0BECB}.Debug|Any CPU.Build.0 = Debug|Any CPU
		{F9FE7493-2306-4165-9231-CEAE50F0BECB}.Release|Any CPU.ActiveCfg = Release|Any CPU
		{F9FE7493-2306-4165-9231-CEAE50F0BECB}.Release|Any CPU.Build.0 = Release|Any CPU
		{E0C7EA0E-FC7A-450C-9478-F98E3427A3F8}.Debug|Any CPU.ActiveCfg = Debug|Any CPU
		{E0C7EA0E-FC7A-450C-9478-F98E3427A3F8}.Debug|Any CPU.Build.0 = Debug|Any CPU
		{E0C7EA0E-FC7A-450C-9478-F98E3427A3F8}.Release|Any CPU.ActiveCfg = Release|Any CPU
		{E0C7EA0E-FC7A-450C-9478-F98E3427A3F8}.Release|Any CPU.Build.0 = Release|Any CPU
		{63EE929D-A17D-4AE1-BF5B-72BBC6909A76}.Debug|Any CPU.ActiveCfg = Debug|Any CPU
		{63EE929D-A17D-4AE1-BF5B-72BBC6909A76}.Debug|Any CPU.Build.0 = Debug|Any CPU
		{63EE929D-A17D-4AE1-BF5B-72BBC6909A76}.Release|Any CPU.ActiveCfg = Release|Any CPU
		{63EE929D-A17D-4AE1-BF5B-72BBC6909A76}.Release|Any CPU.Build.0 = Release|Any CPU
	EndGlobalSection
	GlobalSection(SolutionProperties) = preSolution
		HideSolutionNode = FALSE
	EndGlobalSection
	GlobalSection(ExtensibilityGlobals) = postSolution
		SolutionGuid = {5B84C6D6-8520-467F-92CE-10FC71BE13B8}
	EndGlobalSection
EndGlobal
