
Microsoft Visual Studio Solution File, Format Version 12.00
# Visual Studio Version 17
VisualStudioVersion = 17.3.32929.385
MinimumVisualStudioVersion = 10.0.40219.1
Project("{FAE04EC0-301F-11D3-BF4B-00C04F79EFBC}") = "Async", "Async\Async.csproj", "{1AC37ECA-C743-4E12-9A05-1F3AF098B257}"
EndProject
Global
	GlobalSection(SolutionConfigurationPlatforms) = preSolution
		Debug|Any CPU = Debug|Any CPU
		Release|Any CPU = Release|Any CPU
	EndGlobalSection
	GlobalSection(ProjectConfigurationPlatforms) = postSolution
		{1AC37ECA-C743-4E12-9A05-1F3AF098B257}.Debug|Any CPU.ActiveCfg = Debug|Any CPU
		{1AC37ECA-C743-4E12-9A05-1F3AF098B257}.Debug|Any CPU.Build.0 = Debug|Any CPU
		{1AC37ECA-C743-4E12-9A05-1F3AF098B257}.Release|Any CPU.ActiveCfg = Release|Any CPU
		{1AC37ECA-C743-4E12-9A05-1F3AF098B257}.Release|Any CPU.Build.0 = Release|Any CPU
	EndGlobalSection
	GlobalSection(SolutionProperties) = preSolution
		HideSolutionNode = FALSE
	EndGlobalSection
	GlobalSection(ExtensibilityGlobals) = postSolution
		SolutionGuid = {61397D39-AA5F-42B8-81DA-1D3F60E17942}
	EndGlobalSection
EndGlobal
