
Microsoft Visual Studio Solution File, Format Version 12.00
# Visual Studio Version 17
VisualStudioVersion = 17.4.33122.133
MinimumVisualStudioVersion = 10.0.40219.1
Project("{9A19103F-16F7-4668-BE54-9A1E7A4F7556}") = "UnitTesting_Final", "UnitTesting_Final\UnitTesting_Final.csproj", "{5D24F804-441A-4AD6-B1C4-F3859D6674BB}"
EndProject
Project("{FAE04EC0-301F-11D3-BF4B-00C04F79EFBC}") = "UnitTestProject", "UnitTestProject\UnitTestProject.csproj", "{0C0C147D-C879-4E71-A766-463730F001F9}"
EndProject
Global
	GlobalSection(SolutionConfigurationPlatforms) = preSolution
		Debug|Any CPU = Debug|Any CPU
		Release|Any CPU = Release|Any CPU
	EndGlobalSection
	GlobalSection(ProjectConfigurationPlatforms) = postSolution
		{5D24F804-441A-4AD6-B1C4-F3859D6674BB}.Debug|Any CPU.ActiveCfg = Debug|Any CPU
		{5D24F804-441A-4AD6-B1C4-F3859D6674BB}.Debug|Any CPU.Build.0 = Debug|Any CPU
		{5D24F804-441A-4AD6-B1C4-F3859D6674BB}.Release|Any CPU.ActiveCfg = Release|Any CPU
		{5D24F804-441A-4AD6-B1C4-F3859D6674BB}.Release|Any CPU.Build.0 = Release|Any CPU
		{0C0C147D-C879-4E71-A766-463730F001F9}.Debug|Any CPU.ActiveCfg = Debug|Any CPU
		{0C0C147D-C879-4E71-A766-463730F001F9}.Debug|Any CPU.Build.0 = Debug|Any CPU
		{0C0C147D-C879-4E71-A766-463730F001F9}.Release|Any CPU.ActiveCfg = Release|Any CPU
		{0C0C147D-C879-4E71-A766-463730F001F9}.Release|Any CPU.Build.0 = Release|Any CPU
	EndGlobalSection
	GlobalSection(SolutionProperties) = preSolution
		HideSolutionNode = FALSE
	EndGlobalSection
	GlobalSection(ExtensibilityGlobals) = postSolution
		SolutionGuid = {8C386434-1AB3-4A0A-A805-D8E56D7D6CC6}
	EndGlobalSection
EndGlobal
