
Microsoft Visual Studio Solution File, Format Version 12.00
# Visual Studio Version 17
VisualStudioVersion = 17.4.33122.133
MinimumVisualStudioVersion = 10.0.40219.1
Project("{FAE04EC0-301F-11D3-BF4B-00C04F79EFBC}") = "Harsha_Assesment_21-01-2023", "Harsha_Assesment_21-01-2023\Harsha_Assesment_21-01-2023.csproj", "{758A92EC-80E0-4297-970E-F009F5ABA198}"
EndProject
Global
	GlobalSection(SolutionConfigurationPlatforms) = preSolution
		Debug|Any CPU = Debug|Any CPU
		Release|Any CPU = Release|Any CPU
	EndGlobalSection
	GlobalSection(ProjectConfigurationPlatforms) = postSolution
		{758A92EC-80E0-4297-970E-F009F5ABA198}.Debug|Any CPU.ActiveCfg = Debug|Any CPU
		{758A92EC-80E0-4297-970E-F009F5ABA198}.Debug|Any CPU.Build.0 = Debug|Any CPU
		{758A92EC-80E0-4297-970E-F009F5ABA198}.Release|Any CPU.ActiveCfg = Release|Any CPU
		{758A92EC-80E0-4297-970E-F009F5ABA198}.Release|Any CPU.Build.0 = Release|Any CPU
	EndGlobalSection
	GlobalSection(SolutionProperties) = preSolution
		HideSolutionNode = FALSE
	EndGlobalSection
	GlobalSection(ExtensibilityGlobals) = postSolution
		SolutionGuid = {54B312B4-F4F0-4330-8ACF-F61BA28B0274}
	EndGlobalSection
EndGlobal
