
Microsoft Visual Studio Solution File, Format Version 12.00
# Visual Studio Version 17
VisualStudioVersion = 17.4.33122.133
MinimumVisualStudioVersion = 10.0.40219.1
Project("{FAE04EC0-301F-11D3-BF4B-00C04F79EFBC}") = "Key_Vault_Final", "Key_Vault_Final\Key_Vault_Final.csproj", "{872974EB-9E10-4A43-A7CF-7FBD4BB5735C}"
EndProject
Global
	GlobalSection(SolutionConfigurationPlatforms) = preSolution
		Debug|Any CPU = Debug|Any CPU
		Release|Any CPU = Release|Any CPU
	EndGlobalSection
	GlobalSection(ProjectConfigurationPlatforms) = postSolution
		{872974EB-9E10-4A43-A7CF-7FBD4BB5735C}.Debug|Any CPU.ActiveCfg = Debug|Any CPU
		{872974EB-9E10-4A43-A7CF-7FBD4BB5735C}.Debug|Any CPU.Build.0 = Debug|Any CPU
		{872974EB-9E10-4A43-A7CF-7FBD4BB5735C}.Release|Any CPU.ActiveCfg = Release|Any CPU
		{872974EB-9E10-4A43-A7CF-7FBD4BB5735C}.Release|Any CPU.Build.0 = Release|Any CPU
	EndGlobalSection
	GlobalSection(SolutionProperties) = preSolution
		HideSolutionNode = FALSE
	EndGlobalSection
	GlobalSection(ExtensibilityGlobals) = postSolution
		SolutionGuid = {9C32615E-E5A4-4F45-9657-64935949AC69}
	EndGlobalSection
EndGlobal
