
Microsoft Visual Studio Solution File, Format Version 12.00
# Visual Studio Version 17
VisualStudioVersion = 17.4.33122.133
MinimumVisualStudioVersion = 10.0.40219.1
Project("{FAE04EC0-301F-11D3-BF4B-00C04F79EFBC}") = "KeyVault_Secret_Accessing_ZeroCredentials_Demo", "KeyVault_Secret_Accessing_ZeroCredentials_Demo\KeyVault_Secret_Accessing_ZeroCredentials_Demo.csproj", "{D8AE2B9A-4BA7-459D-A4B0-FAB2332BCC43}"
EndProject
Global
	GlobalSection(SolutionConfigurationPlatforms) = preSolution
		Debug|Any CPU = Debug|Any CPU
		Release|Any CPU = Release|Any CPU
	EndGlobalSection
	GlobalSection(ProjectConfigurationPlatforms) = postSolution
		{D8AE2B9A-4BA7-459D-A4B0-FAB2332BCC43}.Debug|Any CPU.ActiveCfg = Debug|Any CPU
		{D8AE2B9A-4BA7-459D-A4B0-FAB2332BCC43}.Debug|Any CPU.Build.0 = Debug|Any CPU
		{D8AE2B9A-4BA7-459D-A4B0-FAB2332BCC43}.Release|Any CPU.ActiveCfg = Release|Any CPU
		{D8AE2B9A-4BA7-459D-A4B0-FAB2332BCC43}.Release|Any CPU.Build.0 = Release|Any CPU
	EndGlobalSection
	GlobalSection(SolutionProperties) = preSolution
		HideSolutionNode = FALSE
	EndGlobalSection
	GlobalSection(ExtensibilityGlobals) = postSolution
		SolutionGuid = {14E3CA72-07E1-4310-8161-1D21709CCE54}
	EndGlobalSection
EndGlobal
