
Microsoft Visual Studio Solution File, Format Version 12.00
# Visual Studio Version 17
VisualStudioVersion = 17.4.33213.308
MinimumVisualStudioVersion = 10.0.40219.1
Project("{FAE04EC0-301F-11D3-BF4B-00C04F79EFBC}") = "Harsha_5_30-01-2023", "Harsha_5_30-01-2023\Harsha_5_30-01-2023.csproj", "{0B6486CD-2E94-4213-857C-B29C68EEA1E1}"
EndProject
Global
	GlobalSection(SolutionConfigurationPlatforms) = preSolution
		Debug|Any CPU = Debug|Any CPU
		Release|Any CPU = Release|Any CPU
	EndGlobalSection
	GlobalSection(ProjectConfigurationPlatforms) = postSolution
		{0B6486CD-2E94-4213-857C-B29C68EEA1E1}.Debug|Any CPU.ActiveCfg = Debug|Any CPU
		{0B6486CD-2E94-4213-857C-B29C68EEA1E1}.Debug|Any CPU.Build.0 = Debug|Any CPU
		{0B6486CD-2E94-4213-857C-B29C68EEA1E1}.Release|Any CPU.ActiveCfg = Release|Any CPU
		{0B6486CD-2E94-4213-857C-B29C68EEA1E1}.Release|Any CPU.Build.0 = Release|Any CPU
	EndGlobalSection
	GlobalSection(SolutionProperties) = preSolution
		HideSolutionNode = FALSE
	EndGlobalSection
	GlobalSection(ExtensibilityGlobals) = postSolution
		SolutionGuid = {D0AB7721-16A7-41ED-9C9D-89C5B10FC2A9}
	EndGlobalSection
EndGlobal
