
Microsoft Visual Studio Solution File, Format Version 12.00
# Visual Studio Version 17
VisualStudioVersion = 17.3.32929.385
MinimumVisualStudioVersion = 10.0.40219.1
Project("{9A19103F-16F7-4668-BE54-9A1E7A4F7556}") = "Polymorphism", "Polymorphism\Polymorphism.csproj", "{DFC39BD8-1D92-418F-BD59-70454D3043E3}"
EndProject
Project("{FAE04EC0-301F-11D3-BF4B-00C04F79EFBC}") = "Abstract", "Abstract\Abstract.csproj", "{582A2772-04EB-4150-985E-6AD02133829C}"
EndProject
Global
	GlobalSection(SolutionConfigurationPlatforms) = preSolution
		Debug|Any CPU = Debug|Any CPU
		Release|Any CPU = Release|Any CPU
	EndGlobalSection
	GlobalSection(ProjectConfigurationPlatforms) = postSolution
		{DFC39BD8-1D92-418F-BD59-70454D3043E3}.Debug|Any CPU.ActiveCfg = Debug|Any CPU
		{DFC39BD8-1D92-418F-BD59-70454D3043E3}.Debug|Any CPU.Build.0 = Debug|Any CPU
		{DFC39BD8-1D92-418F-BD59-70454D3043E3}.Release|Any CPU.ActiveCfg = Release|Any CPU
		{DFC39BD8-1D92-418F-BD59-70454D3043E3}.Release|Any CPU.Build.0 = Release|Any CPU
		{582A2772-04EB-4150-985E-6AD02133829C}.Debug|Any CPU.ActiveCfg = Debug|Any CPU
		{582A2772-04EB-4150-985E-6AD02133829C}.Debug|Any CPU.Build.0 = Debug|Any CPU
		{582A2772-04EB-4150-985E-6AD02133829C}.Release|Any CPU.ActiveCfg = Release|Any CPU
		{582A2772-04EB-4150-985E-6AD02133829C}.Release|Any CPU.Build.0 = Release|Any CPU
	EndGlobalSection
	GlobalSection(SolutionProperties) = preSolution
		HideSolutionNode = FALSE
	EndGlobalSection
	GlobalSection(ExtensibilityGlobals) = postSolution
		SolutionGuid = {377012C9-3E3F-47BB-8548-3FD9F9B9582E}
	EndGlobalSection
EndGlobal
