
Microsoft Visual Studio Solution File, Format Version 12.00
# Visual Studio Version 17
VisualStudioVersion = 17.4.33122.133
MinimumVisualStudioVersion = 10.0.40219.1
Project("{FAE04EC0-301F-11D3-BF4B-00C04F79EFBC}") = "Excel_Conversion", "Excel_Conversion\Excel_Conversion.csproj", "{098DA597-1E25-4731-92C1-A00CFC32BD7E}"
EndProject
Global
	GlobalSection(SolutionConfigurationPlatforms) = preSolution
		Debug|Any CPU = Debug|Any CPU
		Release|Any CPU = Release|Any CPU
	EndGlobalSection
	GlobalSection(ProjectConfigurationPlatforms) = postSolution
		{098DA597-1E25-4731-92C1-A00CFC32BD7E}.Debug|Any CPU.ActiveCfg = Debug|Any CPU
		{098DA597-1E25-4731-92C1-A00CFC32BD7E}.Debug|Any CPU.Build.0 = Debug|Any CPU
		{098DA597-1E25-4731-92C1-A00CFC32BD7E}.Release|Any CPU.ActiveCfg = Release|Any CPU
		{098DA597-1E25-4731-92C1-A00CFC32BD7E}.Release|Any CPU.Build.0 = Release|Any CPU
	EndGlobalSection
	GlobalSection(SolutionProperties) = preSolution
		HideSolutionNode = FALSE
	EndGlobalSection
	GlobalSection(ExtensibilityGlobals) = postSolution
		SolutionGuid = {87782639-E40E-42C4-A6E4-79AF2EE698B9}
	EndGlobalSection
EndGlobal
