
Microsoft Visual Studio Solution File, Format Version 12.00
# Visual Studio Version 17
VisualStudioVersion = 17.4.33122.133
MinimumVisualStudioVersion = 10.0.40219.1
Project("{FAE04EC0-301F-11D3-BF4B-00C04F79EFBC}") = "Company_Three_Tier_Architecture_API", "Company_Three_Tier_Architecture_API\Company_Three_Tier_Architecture_API.csproj", "{613BF1B1-2A44-445B-AB91-73CC6C1E0F60}"
EndProject
Project("{FAE04EC0-301F-11D3-BF4B-00C04F79EFBC}") = "DAL", "DAL\DAL.csproj", "{3B8C762A-D916-4F63-864F-2D8333582D7F}"
EndProject
Project("{FAE04EC0-301F-11D3-BF4B-00C04F79EFBC}") = "BAL", "BAL\BAL.csproj", "{5D70114B-3681-4D37-B4A8-D243BB6CBF8E}"
EndProject
Global
	GlobalSection(SolutionConfigurationPlatforms) = preSolution
		Debug|Any CPU = Debug|Any CPU
		Release|Any CPU = Release|Any CPU
	EndGlobalSection
	GlobalSection(ProjectConfigurationPlatforms) = postSolution
		{613BF1B1-2A44-445B-AB91-73CC6C1E0F60}.Debug|Any CPU.ActiveCfg = Debug|Any CPU
		{613BF1B1-2A44-445B-AB91-73CC6C1E0F60}.Debug|Any CPU.Build.0 = Debug|Any CPU
		{613BF1B1-2A44-445B-AB91-73CC6C1E0F60}.Release|Any CPU.ActiveCfg = Release|Any CPU
		{613BF1B1-2A44-445B-AB91-73CC6C1E0F60}.Release|Any CPU.Build.0 = Release|Any CPU
		{3B8C762A-D916-4F63-864F-2D8333582D7F}.Debug|Any CPU.ActiveCfg = Debug|Any CPU
		{3B8C762A-D916-4F63-864F-2D8333582D7F}.Debug|Any CPU.Build.0 = Debug|Any CPU
		{3B8C762A-D916-4F63-864F-2D8333582D7F}.Release|Any CPU.ActiveCfg = Release|Any CPU
		{3B8C762A-D916-4F63-864F-2D8333582D7F}.Release|Any CPU.Build.0 = Release|Any CPU
		{5D70114B-3681-4D37-B4A8-D243BB6CBF8E}.Debug|Any CPU.ActiveCfg = Debug|Any CPU
		{5D70114B-3681-4D37-B4A8-D243BB6CBF8E}.Debug|Any CPU.Build.0 = Debug|Any CPU
		{5D70114B-3681-4D37-B4A8-D243BB6CBF8E}.Release|Any CPU.ActiveCfg = Release|Any CPU
		{5D70114B-3681-4D37-B4A8-D243BB6CBF8E}.Release|Any CPU.Build.0 = Release|Any CPU
	EndGlobalSection
	GlobalSection(SolutionProperties) = preSolution
		HideSolutionNode = FALSE
	EndGlobalSection
	GlobalSection(ExtensibilityGlobals) = postSolution
		SolutionGuid = {96EFE830-1ED5-419E-9B93-9B04DFF7D123}
	EndGlobalSection
EndGlobal
